
Microsoft Visual Studio Solution File, Format Version 12.00
# Visual Studio Version 17
VisualStudioVersion = 17.0.32112.339
MinimumVisualStudioVersion = 10.0.40219.1
Project("{FAE04EC0-301F-11D3-BF4B-00C04F79EFBC}") = "sckc.azure", "sckc.azure\sckc.azure.csproj", "{6F5F459F-FA3B-46B3-9796-5A231F9F3303}"
EndProject
Project("{FAE04EC0-301F-11D3-BF4B-00C04F79EFBC}") = "sckc.core", "sckc.core\sckc.core.csproj", "{F4925437-5507-4F4A-A31C-3CF98A453D40}"
EndProject
Global
	GlobalSection(SolutionConfigurationPlatforms) = preSolution
		Debug|Any CPU = Debug|Any CPU
		Release|Any CPU = Release|Any CPU
	EndGlobalSection
	GlobalSection(ProjectConfigurationPlatforms) = postSolution
		{6F5F459F-FA3B-46B3-9796-5A231F9F3303}.Debug|Any CPU.ActiveCfg = Debug|Any CPU
		{6F5F459F-FA3B-46B3-9796-5A231F9F3303}.Debug|Any CPU.Build.0 = Debug|Any CPU
		{6F5F459F-FA3B-46B3-9796-5A231F9F3303}.Release|Any CPU.ActiveCfg = Release|Any CPU
		{6F5F459F-FA3B-46B3-9796-5A231F9F3303}.Release|Any CPU.Build.0 = Release|Any CPU
		{F4925437-5507-4F4A-A31C-3CF98A453D40}.Debug|Any CPU.ActiveCfg = Debug|Any CPU
		{F4925437-5507-4F4A-A31C-3CF98A453D40}.Debug|Any CPU.Build.0 = Debug|Any CPU
		{F4925437-5507-4F4A-A31C-3CF98A453D40}.Release|Any CPU.ActiveCfg = Release|Any CPU
		{F4925437-5507-4F4A-A31C-3CF98A453D40}.Release|Any CPU.Build.0 = Release|Any CPU
	EndGlobalSection
	GlobalSection(SolutionProperties) = preSolution
		HideSolutionNode = FALSE
	EndGlobalSection
	GlobalSection(ExtensibilityGlobals) = postSolution
		SolutionGuid = {47437A94-B292-4A85-A8E3-725A8133E24E}
	EndGlobalSection
EndGlobal
