
Microsoft Visual Studio Solution File, Format Version 12.00
# Visual Studio Version 16
VisualStudioVersion = 16.0.809.9
MinimumVisualStudioVersion = 10.0.40219.1
Project("{FAE04EC0-301F-11D3-BF4B-00C04F79EFBC}") = "sckc.api", "sckc.api\sckc.api.csproj", "{723CA91B-5FA6-4855-990A-E99FED6FD657}"
EndProject
Project("{FAE04EC0-301F-11D3-BF4B-00C04F79EFBC}") = "sckc.api.Tests", "sckc.api.Tests\sckc.api.Tests.csproj", "{2253A9C5-726B-46AC-8F54-DBFA5E289BF7}"
EndProject
Global
	GlobalSection(SolutionConfigurationPlatforms) = preSolution
		Debug|Any CPU = Debug|Any CPU
		Release|Any CPU = Release|Any CPU
	EndGlobalSection
	GlobalSection(ProjectConfigurationPlatforms) = postSolution
		{723CA91B-5FA6-4855-990A-E99FED6FD657}.Debug|Any CPU.ActiveCfg = Debug|Any CPU
		{723CA91B-5FA6-4855-990A-E99FED6FD657}.Debug|Any CPU.Build.0 = Debug|Any CPU
		{723CA91B-5FA6-4855-990A-E99FED6FD657}.Release|Any CPU.ActiveCfg = Release|Any CPU
		{723CA91B-5FA6-4855-990A-E99FED6FD657}.Release|Any CPU.Build.0 = Release|Any CPU
		{2253A9C5-726B-46AC-8F54-DBFA5E289BF7}.Debug|Any CPU.ActiveCfg = Debug|Any CPU
		{2253A9C5-726B-46AC-8F54-DBFA5E289BF7}.Debug|Any CPU.Build.0 = Debug|Any CPU
		{2253A9C5-726B-46AC-8F54-DBFA5E289BF7}.Release|Any CPU.ActiveCfg = Release|Any CPU
		{2253A9C5-726B-46AC-8F54-DBFA5E289BF7}.Release|Any CPU.Build.0 = Release|Any CPU
	EndGlobalSection
	GlobalSection(SolutionProperties) = preSolution
		HideSolutionNode = FALSE
	EndGlobalSection
	GlobalSection(ExtensibilityGlobals) = postSolution
		SolutionGuid = {ECB053C1-A647-4F52-BBC1-7ED560520B87}
	EndGlobalSection
EndGlobal
